
Microsoft Visual Studio Solution File, Format Version 12.00
# Visual Studio 15
VisualStudioVersion = 15.0.28307.1433
MinimumVisualStudioVersion = 10.0.40219.1
Project("{FAE04EC0-301F-11D3-BF4B-00C04F79EFBC}") = "Assembly-CSharp", "Assembly-CSharp.csproj", "{ED13E7DB-313C-FFAD-71BE-DA2CC2442584}"
EndProject
Global
	GlobalSection(SolutionConfigurationPlatforms) = preSolution
		Debug|Any CPU = Debug|Any CPU
		Release|Any CPU = Release|Any CPU
	EndGlobalSection
	GlobalSection(ProjectConfigurationPlatforms) = postSolution
		{ED13E7DB-313C-FFAD-71BE-DA2CC2442584}.Debug|Any CPU.ActiveCfg = Debug|Any CPU
		{ED13E7DB-313C-FFAD-71BE-DA2CC2442584}.Debug|Any CPU.Build.0 = Debug|Any CPU
		{ED13E7DB-313C-FFAD-71BE-DA2CC2442584}.Release|Any CPU.ActiveCfg = Release|Any CPU
		{ED13E7DB-313C-FFAD-71BE-DA2CC2442584}.Release|Any CPU.Build.0 = Release|Any CPU
	EndGlobalSection
	GlobalSection(SolutionProperties) = preSolution
		HideSolutionNode = FALSE
	EndGlobalSection
	GlobalSection(ExtensibilityGlobals) = postSolution
		SolutionGuid = {75FF27FF-3A6E-498E-8F80-81D2B554EE55}
	EndGlobalSection
EndGlobal
